{
  "name": "is",
  "version": "1.0.0",
  "lockfileVersion": 3,
  "requires": true,
  "packages": {
    "": {
      "name": "is",
      "version": "1.0.0",
      "license": "ISC",
      "dependencies": {
        "xml-crypto": "^2.1.4",
        "xmldom": "^0.6.0"
      }
    },
    "node_modules/@xmldom/xmldom": {
      "version": "0.7.13",
      "resolved": "https://registry.npmjs.org/@xmldom/xmldom/-/xmldom-0.7.13.tgz",
      "integrity": "sha512-lm2GW5PkosIzccsaZIz7tp8cPADSIlIHWDFTR1N0SzfinhhYgeIQjFMz4rYzanCScr3DqQLeomUDArp6MWKm+g==",
      "engines": {
        "node": ">=10.0.0"
      }
    },
    "node_modules/xml-crypto": {
      "version": "2.1.5",
      "resolved": "https://registry.npmjs.org/xml-crypto/-/xml-crypto-2.1.5.tgz",
      "integrity": "sha512-xOSJmGFm+BTXmaPYk8pPV3duKo6hJuZ5niN4uMzoNcTlwYs0jAu/N3qY+ud9MhE4N7eMRuC1ayC7Yhmb7MmAWg==",
      "dependencies": {
        "@xmldom/xmldom": "^0.7.9",
        "xpath": "0.0.32"
      },
      "engines": {
        "node": ">=0.4.0"
      }
    },
    "node_modules/xmldom": {
      "version": "0.6.0",
      "resolved": "https://registry.npmjs.org/xmldom/-/xmldom-0.6.0.tgz",
      "integrity": "sha512-iAcin401y58LckRZ0TkI4k0VSM1Qg0KGSc3i8rU+xrxe19A/BN1zHyVSJY7uoutVlaTSzYyk/v5AmkewAP7jtg==",
      "engines": {
        "node": ">=10.0.0"
      }
    },
    "node_modules/xpath": {
      "version": "0.0.32",
      "resolved": "https://registry.npmjs.org/xpath/-/xpath-0.0.32.tgz",
      "integrity": "sha512-rxMJhSIoiO8vXcWvSifKqhvV96GjiD5wYb8/QHdoRyQvraTpp4IEv944nhGausZZ3u7dhQXteZuZbaqfpB7uYw==",
      "engines": {
        "node": ">=0.6.0"
      }
    }
  }
}
